
Microsoft Visual Studio Solution File, Format Version 12.00
# Visual Studio Version 17
VisualStudioVersion = 17.6.33815.320
MinimumVisualStudioVersion = 10.0.40219.1
Project("{FAE04EC0-301F-11D3-BF4B-00C04F79EFBC}") = "xlang.net", "xlang.net.csproj", "{30B78A1B-2F61-4FFA-9AB0-4C638CE61C57}"
EndProject
Global
	GlobalSection(SolutionConfigurationPlatforms) = preSolution
		Debug|Any CPU = Debug|Any CPU
		Release|Any CPU = Release|Any CPU
	EndGlobalSection
	GlobalSection(ProjectConfigurationPlatforms) = postSolution
		{30B78A1B-2F61-4FFA-9AB0-4C638CE61C57}.Debug|Any CPU.ActiveCfg = Debug|Any CPU
		{30B78A1B-2F61-4FFA-9AB0-4C638CE61C57}.Debug|Any CPU.Build.0 = Debug|Any CPU
		{30B78A1B-2F61-4FFA-9AB0-4C638CE61C57}.Release|Any CPU.ActiveCfg = Release|Any CPU
		{30B78A1B-2F61-4FFA-9AB0-4C638CE61C57}.Release|Any CPU.Build.0 = Release|Any CPU
	EndGlobalSection
	GlobalSection(SolutionProperties) = preSolution
		HideSolutionNode = FALSE
	EndGlobalSection
	GlobalSection(ExtensibilityGlobals) = postSolution
		SolutionGuid = {28E77F90-590B-420F-9760-CF155D9DA783}
	EndGlobalSection
EndGlobal
